github.com/eclipse/paho.mqtt.golang v1.4.3 h1:2kwcUGn8seMUfWndX0hGbvH8r7crgcJguQNCyp70xik=
github.com/eclipse/paho.mqtt.golang v1.4.3/go.mod h1:CSYvoAlsMkhYOXh/oKyxa8EcBci6dVkLCbo5tTC1RIE=
github.com/gorilla/websocket v1.5.0 h1:PPwGk2jz7EePpoHN/+ClbZu8SPxiqlu12wZP/3sWmnc=
github.com/gorilla/websocket v1.5.0/go.mod h1:YR8l580nyteQvAITg2hZ9XVh4b55+EU/adAjf1fMHhE=
github.com/helixspiral/ndbc v0.0.0-20230724003245-218f2bd95180 h1:S6U5Szn4IVFaCIuIWBx/er6tH914vV5/ivD0yAhoaQs=
github.com/helixspiral/ndbc v0.0.0-20230724003245-218f2bd95180/go.mod h1:Tx7b+MULDxlvuKnxYDHT+jf9vjIiRY7ZFCWpMpiTFhY=
golang.org/x/exp v0.0.0-20230724220655-d98519c11495 h1:zKGKw2WlGb8oPoRGqQ2PT8g2YoCN1w/YbbQjHXCdUWE=
golang.org/x/exp v0.0.0-20230724220655-d98519c11495/go.mod h1:FXUEEKJgO7OQYeo8N01OfiKP8RXMtf6e8aTskBGqWdc=
golang.org/x/net v0.8.0 h1:Zrh2ngAOFYneWTAIAPethzeaQLuHwhuBkuV6ZiRnUaQ=
golang.org/x/net v0.8.0/go.mod h1:QVkue5JL9kW//ek3r6jTKnTFis1tRmNAW2P1shuFdJc=
golang.org/x/sync v0.1.0 h1:wsuoTGHzEhffawBOhz5CYhcrV4IdKZbEyZjBMuTp12o=
golang.org/x/sync v0.1.0/go.mod h1:RxMgew5VJxzue5/jJTE5uejpjVlOe/izrB70Jof72aM=
